
Microsoft Visual Studio Solution File, Format Version 12.00
# Visual Studio Version 16
VisualStudioVersion = 16.0.30011.22
MinimumVisualStudioVersion = 10.0.40219.1
Project("{FAE04EC0-301F-11D3-BF4B-00C04F79EFBC}") = "SymbolabUWP", "SymbolabUWP\SymbolabUWP.csproj", "{22276A42-5AED-4785-808C-CAF9571F6BE6}"
EndProject
Global
	GlobalSection(SolutionConfigurationPlatforms) = preSolution
		Debug|Any CPU = Debug|Any CPU
		Debug|ARM = Debug|ARM
		Debug|ARM64 = Debug|ARM64
		Debug|x64 = Debug|x64
		Debug|x86 = Debug|x86
		DebugMono|Any CPU = DebugMono|Any CPU
		DebugMono|ARM = DebugMono|ARM
		DebugMono|ARM64 = DebugMono|ARM64
		DebugMono|x64 = DebugMono|x64
		DebugMono|x86 = DebugMono|x86
		DebugMonoPY3|Any CPU = DebugMonoPY3|Any CPU
		DebugMonoPY3|ARM = DebugMonoPY3|ARM
		DebugMonoPY3|ARM64 = DebugMonoPY3|ARM64
		DebugMonoPY3|x64 = DebugMonoPY3|x64
		DebugMonoPY3|x86 = DebugMonoPY3|x86
		DebugWin|Any CPU = DebugWin|Any CPU
		DebugWin|ARM = DebugWin|ARM
		DebugWin|ARM64 = DebugWin|ARM64
		DebugWin|x64 = DebugWin|x64
		DebugWin|x86 = DebugWin|x86
		DebugWinPY3|Any CPU = DebugWinPY3|Any CPU
		DebugWinPY3|ARM = DebugWinPY3|ARM
		DebugWinPY3|ARM64 = DebugWinPY3|ARM64
		DebugWinPY3|x64 = DebugWinPY3|x64
		DebugWinPY3|x86 = DebugWinPY3|x86
		Release|Any CPU = Release|Any CPU
		Release|ARM = Release|ARM
		Release|ARM64 = Release|ARM64
		Release|x64 = Release|x64
		Release|x86 = Release|x86
		ReleaseMono|Any CPU = ReleaseMono|Any CPU
		ReleaseMono|ARM = ReleaseMono|ARM
		ReleaseMono|ARM64 = ReleaseMono|ARM64
		ReleaseMono|x64 = ReleaseMono|x64
		ReleaseMono|x86 = ReleaseMono|x86
		ReleaseMonoPY3|Any CPU = ReleaseMonoPY3|Any CPU
		ReleaseMonoPY3|ARM = ReleaseMonoPY3|ARM
		ReleaseMonoPY3|ARM64 = ReleaseMonoPY3|ARM64
		ReleaseMonoPY3|x64 = ReleaseMonoPY3|x64
		ReleaseMonoPY3|x86 = ReleaseMonoPY3|x86
		ReleaseWin|Any CPU = ReleaseWin|Any CPU
		ReleaseWin|ARM = ReleaseWin|ARM
		ReleaseWin|ARM64 = ReleaseWin|ARM64
		ReleaseWin|x64 = ReleaseWin|x64
		ReleaseWin|x86 = ReleaseWin|x86
		ReleaseWinPY3|Any CPU = ReleaseWinPY3|Any CPU
		ReleaseWinPY3|ARM = ReleaseWinPY3|ARM
		ReleaseWinPY3|ARM64 = ReleaseWinPY3|ARM64
		ReleaseWinPY3|x64 = ReleaseWinPY3|x64
		ReleaseWinPY3|x86 = ReleaseWinPY3|x86
	EndGlobalSection
	GlobalSection(ProjectConfigurationPlatforms) = postSolution
		{22276A42-5AED-4785-808C-CAF9571F6BE6}.Debug|Any CPU.ActiveCfg = Debug|x86
		{22276A42-5AED-4785-808C-CAF9571F6BE6}.Debug|Any CPU.Build.0 = Debug|x86
		{22276A42-5AED-4785-808C-CAF9571F6BE6}.Debug|Any CPU.Deploy.0 = Debug|x86
		{22276A42-5AED-4785-808C-CAF9571F6BE6}.Debug|ARM.ActiveCfg = Debug|ARM
		{22276A42-5AED-4785-808C-CAF9571F6BE6}.Debug|ARM.Build.0 = Debug|ARM
		{22276A42-5AED-4785-808C-CAF9571F6BE6}.Debug|ARM.Deploy.0 = Debug|ARM
		{22276A42-5AED-4785-808C-CAF9571F6BE6}.Debug|ARM64.ActiveCfg = Debug|ARM64
		{22276A42-5AED-4785-808C-CAF9571F6BE6}.Debug|ARM64.Build.0 = Debug|ARM64
		{22276A42-5AED-4785-808C-CAF9571F6BE6}.Debug|ARM64.Deploy.0 = Debug|ARM64
		{22276A42-5AED-4785-808C-CAF9571F6BE6}.Debug|x64.ActiveCfg = Debug|x64
		{22276A42-5AED-4785-808C-CAF9571F6BE6}.Debug|x64.Build.0 = Debug|x64
		{22276A42-5AED-4785-808C-CAF9571F6BE6}.Debug|x64.Deploy.0 = Debug|x64
		{22276A42-5AED-4785-808C-CAF9571F6BE6}.Debug|x86.ActiveCfg = Debug|x86
		{22276A42-5AED-4785-808C-CAF9571F6BE6}.Debug|x86.Build.0 = Debug|x86
		{22276A42-5AED-4785-808C-CAF9571F6BE6}.Debug|x86.Deploy.0 = Debug|x86
		{22276A42-5AED-4785-808C-CAF9571F6BE6}.DebugMono|Any CPU.ActiveCfg = Release|x64
		{22276A42-5AED-4785-808C-CAF9571F6BE6}.DebugMono|Any CPU.Build.0 = Release|x64
		{22276A42-5AED-4785-808C-CAF9571F6BE6}.DebugMono|Any CPU.Deploy.0 = Release|x64
		{22276A42-5AED-4785-808C-CAF9571F6BE6}.DebugMono|ARM.ActiveCfg = Debug|ARM
		{22276A42-5AED-4785-808C-CAF9571F6BE6}.DebugMono|ARM.Build.0 = Debug|ARM
		{22276A42-5AED-4785-808C-CAF9571F6BE6}.DebugMono|ARM.Deploy.0 = Debug|ARM
		{22276A42-5AED-4785-808C-CAF9571F6BE6}.DebugMono|ARM64.ActiveCfg = Debug|ARM64
		{22276A42-5AED-4785-808C-CAF9571F6BE6}.DebugMono|ARM64.Build.0 = Debug|ARM64
		{22276A42-5AED-4785-808C-CAF9571F6BE6}.DebugMono|ARM64.Deploy.0 = Debug|ARM64
		{22276A42-5AED-4785-808C-CAF9571F6BE6}.DebugMono|x64.ActiveCfg = Debug|x64
		{22276A42-5AED-4785-808C-CAF9571F6BE6}.DebugMono|x64.Build.0 = Debug|x64
		{22276A42-5AED-4785-808C-CAF9571F6BE6}.DebugMono|x64.Deploy.0 = Debug|x64
		{22276A42-5AED-4785-808C-CAF9571F6BE6}.DebugMono|x86.ActiveCfg = Debug|x86
		{22276A42-5AED-4785-808C-CAF9571F6BE6}.DebugMono|x86.Build.0 = Debug|x86
		{22276A42-5AED-4785-808C-CAF9571F6BE6}.DebugMono|x86.Deploy.0 = Debug|x86
		{22276A42-5AED-4785-808C-CAF9571F6BE6}.DebugMonoPY3|Any CPU.ActiveCfg = Release|x64
		{22276A42-5AED-4785-808C-CAF9571F6BE6}.DebugMonoPY3|Any CPU.Build.0 = Release|x64
		{22276A42-5AED-4785-808C-CAF9571F6BE6}.DebugMonoPY3|Any CPU.Deploy.0 = Release|x64
		{22276A42-5AED-4785-808C-CAF9571F6BE6}.DebugMonoPY3|ARM.ActiveCfg = Debug|ARM
		{22276A42-5AED-4785-808C-CAF9571F6BE6}.DebugMonoPY3|ARM.Build.0 = Debug|ARM
		{22276A42-5AED-4785-808C-CAF9571F6BE6}.DebugMonoPY3|ARM.Deploy.0 = Debug|ARM
		{22276A42-5AED-4785-808C-CAF9571F6BE6}.DebugMonoPY3|ARM64.ActiveCfg = Debug|ARM64
		{22276A42-5AED-4785-808C-CAF9571F6BE6}.DebugMonoPY3|ARM64.Build.0 = Debug|ARM64
		{22276A42-5AED-4785-808C-CAF9571F6BE6}.DebugMonoPY3|ARM64.Deploy.0 = Debug|ARM64
		{22276A42-5AED-4785-808C-CAF9571F6BE6}.DebugMonoPY3|x64.ActiveCfg = Debug|x64
		{22276A42-5AED-4785-808C-CAF9571F6BE6}.DebugMonoPY3|x64.Build.0 = Debug|x64
		{22276A42-5AED-4785-808C-CAF9571F6BE6}.DebugMonoPY3|x64.Deploy.0 = Debug|x64
		{22276A42-5AED-4785-808C-CAF9571F6BE6}.DebugMonoPY3|x86.ActiveCfg = Debug|x86
		{22276A42-5AED-4785-808C-CAF9571F6BE6}.DebugMonoPY3|x86.Build.0 = Debug|x86
		{22276A42-5AED-4785-808C-CAF9571F6BE6}.DebugMonoPY3|x86.Deploy.0 = Debug|x86
		{22276A42-5AED-4785-808C-CAF9571F6BE6}.DebugWin|Any CPU.ActiveCfg = Release|x64
		{22276A42-5AED-4785-808C-CAF9571F6BE6}.DebugWin|Any CPU.Build.0 = Release|x64
		{22276A42-5AED-4785-808C-CAF9571F6BE6}.DebugWin|Any CPU.Deploy.0 = Release|x64
		{22276A42-5AED-4785-808C-CAF9571F6BE6}.DebugWin|ARM.ActiveCfg = Debug|ARM
		{22276A42-5AED-4785-808C-CAF9571F6BE6}.DebugWin|ARM.Build.0 = Debug|ARM
		{22276A42-5AED-4785-808C-CAF9571F6BE6}.DebugWin|ARM.Deploy.0 = Debug|ARM
		{22276A42-5AED-4785-808C-CAF9571F6BE6}.DebugWin|ARM64.ActiveCfg = Debug|ARM64
		{22276A42-5AED-4785-808C-CAF9571F6BE6}.DebugWin|ARM64.Build.0 = Debug|ARM64
		{22276A42-5AED-4785-808C-CAF9571F6BE6}.DebugWin|ARM64.Deploy.0 = Debug|ARM64
		{22276A42-5AED-4785-808C-CAF9571F6BE6}.DebugWin|x64.ActiveCfg = Debug|x64
		{22276A42-5AED-4785-808C-CAF9571F6BE6}.DebugWin|x64.Build.0 = Debug|x64
		{22276A42-5AED-4785-808C-CAF9571F6BE6}.DebugWin|x64.Deploy.0 = Debug|x64
		{22276A42-5AED-4785-808C-CAF9571F6BE6}.DebugWin|x86.ActiveCfg = Debug|x86
		{22276A42-5AED-4785-808C-CAF9571F6BE6}.DebugWin|x86.Build.0 = Debug|x86
		{22276A42-5AED-4785-808C-CAF9571F6BE6}.DebugWin|x86.Deploy.0 = Debug|x86
		{22276A42-5AED-4785-808C-CAF9571F6BE6}.DebugWinPY3|Any CPU.ActiveCfg = Release|x64
		{22276A42-5AED-4785-808C-CAF9571F6BE6}.DebugWinPY3|Any CPU.Build.0 = Release|x64
		{22276A42-5AED-4785-808C-CAF9571F6BE6}.DebugWinPY3|Any CPU.Deploy.0 = Release|x64
		{22276A42-5AED-4785-808C-CAF9571F6BE6}.DebugWinPY3|ARM.ActiveCfg = Debug|ARM
		{22276A42-5AED-4785-808C-CAF9571F6BE6}.DebugWinPY3|ARM.Build.0 = Debug|ARM
		{22276A42-5AED-4785-808C-CAF9571F6BE6}.DebugWinPY3|ARM.Deploy.0 = Debug|ARM
		{22276A42-5AED-4785-808C-CAF9571F6BE6}.DebugWinPY3|ARM64.ActiveCfg = Debug|ARM64
		{22276A42-5AED-4785-808C-CAF9571F6BE6}.DebugWinPY3|ARM64.Build.0 = Debug|ARM64
		{22276A42-5AED-4785-808C-CAF9571F6BE6}.DebugWinPY3|ARM64.Deploy.0 = Debug|ARM64
		{22276A42-5AED-4785-808C-CAF9571F6BE6}.DebugWinPY3|x64.ActiveCfg = Debug|x64
		{22276A42-5AED-4785-808C-CAF9571F6BE6}.DebugWinPY3|x64.Build.0 = Debug|x64
		{22276A42-5AED-4785-808C-CAF9571F6BE6}.DebugWinPY3|x64.Deploy.0 = Debug|x64
		{22276A42-5AED-4785-808C-CAF9571F6BE6}.DebugWinPY3|x86.ActiveCfg = Debug|x86
		{22276A42-5AED-4785-808C-CAF9571F6BE6}.DebugWinPY3|x86.Build.0 = Debug|x86
		{22276A42-5AED-4785-808C-CAF9571F6BE6}.DebugWinPY3|x86.Deploy.0 = Debug|x86
		{22276A42-5AED-4785-808C-CAF9571F6BE6}.Release|Any CPU.ActiveCfg = Release|x86
		{22276A42-5AED-4785-808C-CAF9571F6BE6}.Release|ARM.ActiveCfg = Release|ARM
		{22276A42-5AED-4785-808C-CAF9571F6BE6}.Release|ARM.Build.0 = Release|ARM
		{22276A42-5AED-4785-808C-CAF9571F6BE6}.Release|ARM.Deploy.0 = Release|ARM
		{22276A42-5AED-4785-808C-CAF9571F6BE6}.Release|ARM64.ActiveCfg = Release|ARM64
		{22276A42-5AED-4785-808C-CAF9571F6BE6}.Release|ARM64.Build.0 = Release|ARM64
		{22276A42-5AED-4785-808C-CAF9571F6BE6}.Release|ARM64.Deploy.0 = Release|ARM64
		{22276A42-5AED-4785-808C-CAF9571F6BE6}.Release|x64.ActiveCfg = Release|x64
		{22276A42-5AED-4785-808C-CAF9571F6BE6}.Release|x64.Build.0 = Release|x64
		{22276A42-5AED-4785-808C-CAF9571F6BE6}.Release|x64.Deploy.0 = Release|x64
		{22276A42-5AED-4785-808C-CAF9571F6BE6}.Release|x86.ActiveCfg = Release|x86
		{22276A42-5AED-4785-808C-CAF9571F6BE6}.Release|x86.Build.0 = Release|x86
		{22276A42-5AED-4785-808C-CAF9571F6BE6}.Release|x86.Deploy.0 = Release|x86
		{22276A42-5AED-4785-808C-CAF9571F6BE6}.ReleaseMono|Any CPU.ActiveCfg = Release|x64
		{22276A42-5AED-4785-808C-CAF9571F6BE6}.ReleaseMono|Any CPU.Build.0 = Release|x64
		{22276A42-5AED-4785-808C-CAF9571F6BE6}.ReleaseMono|Any CPU.Deploy.0 = Release|x64
		{22276A42-5AED-4785-808C-CAF9571F6BE6}.ReleaseMono|ARM.ActiveCfg = Release|ARM
		{22276A42-5AED-4785-808C-CAF9571F6BE6}.ReleaseMono|ARM.Build.0 = Release|ARM
		{22276A42-5AED-4785-808C-CAF9571F6BE6}.ReleaseMono|ARM.Deploy.0 = Release|ARM
		{22276A42-5AED-4785-808C-CAF9571F6BE6}.ReleaseMono|ARM64.ActiveCfg = Release|ARM64
		{22276A42-5AED-4785-808C-CAF9571F6BE6}.ReleaseMono|ARM64.Build.0 = Release|ARM64
		{22276A42-5AED-4785-808C-CAF9571F6BE6}.ReleaseMono|ARM64.Deploy.0 = Release|ARM64
		{22276A42-5AED-4785-808C-CAF9571F6BE6}.ReleaseMono|x64.ActiveCfg = Release|x64
		{22276A42-5AED-4785-808C-CAF9571F6BE6}.ReleaseMono|x64.Build.0 = Release|x64
		{22276A42-5AED-4785-808C-CAF9571F6BE6}.ReleaseMono|x64.Deploy.0 = Release|x64
		{22276A42-5AED-4785-808C-CAF9571F6BE6}.ReleaseMono|x86.ActiveCfg = Release|x86
		{22276A42-5AED-4785-808C-CAF9571F6BE6}.ReleaseMono|x86.Build.0 = Release|x86
		{22276A42-5AED-4785-808C-CAF9571F6BE6}.ReleaseMono|x86.Deploy.0 = Release|x86
		{22276A42-5AED-4785-808C-CAF9571F6BE6}.ReleaseMonoPY3|Any CPU.ActiveCfg = Release|x64
		{22276A42-5AED-4785-808C-CAF9571F6BE6}.ReleaseMonoPY3|Any CPU.Build.0 = Release|x64
		{22276A42-5AED-4785-808C-CAF9571F6BE6}.ReleaseMonoPY3|Any CPU.Deploy.0 = Release|x64
		{22276A42-5AED-4785-808C-CAF9571F6BE6}.ReleaseMonoPY3|ARM.ActiveCfg = Release|ARM
		{22276A42-5AED-4785-808C-CAF9571F6BE6}.ReleaseMonoPY3|ARM.Build.0 = Release|ARM
		{22276A42-5AED-4785-808C-CAF9571F6BE6}.ReleaseMonoPY3|ARM.Deploy.0 = Release|ARM
		{22276A42-5AED-4785-808C-CAF9571F6BE6}.ReleaseMonoPY3|ARM64.ActiveCfg = Release|ARM64
		{22276A42-5AED-4785-808C-CAF9571F6BE6}.ReleaseMonoPY3|ARM64.Build.0 = Release|ARM64
		{22276A42-5AED-4785-808C-CAF9571F6BE6}.ReleaseMonoPY3|ARM64.Deploy.0 = Release|ARM64
		{22276A42-5AED-4785-808C-CAF9571F6BE6}.ReleaseMonoPY3|x64.ActiveCfg = Release|x64
		{22276A42-5AED-4785-808C-CAF9571F6BE6}.ReleaseMonoPY3|x64.Build.0 = Release|x64
		{22276A42-5AED-4785-808C-CAF9571F6BE6}.ReleaseMonoPY3|x64.Deploy.0 = Release|x64
		{22276A42-5AED-4785-808C-CAF9571F6BE6}.ReleaseMonoPY3|x86.ActiveCfg = Release|x86
		{22276A42-5AED-4785-808C-CAF9571F6BE6}.ReleaseMonoPY3|x86.Build.0 = Release|x86
		{22276A42-5AED-4785-808C-CAF9571F6BE6}.ReleaseMonoPY3|x86.Deploy.0 = Release|x86
		{22276A42-5AED-4785-808C-CAF9571F6BE6}.ReleaseWin|Any CPU.ActiveCfg = Release|x64
		{22276A42-5AED-4785-808C-CAF9571F6BE6}.ReleaseWin|Any CPU.Build.0 = Release|x64
		{22276A42-5AED-4785-808C-CAF9571F6BE6}.ReleaseWin|Any CPU.Deploy.0 = Release|x64
		{22276A42-5AED-4785-808C-CAF9571F6BE6}.ReleaseWin|ARM.ActiveCfg = Release|ARM
		{22276A42-5AED-4785-808C-CAF9571F6BE6}.ReleaseWin|ARM.Build.0 = Release|ARM
		{22276A42-5AED-4785-808C-CAF9571F6BE6}.ReleaseWin|ARM.Deploy.0 = Release|ARM
		{22276A42-5AED-4785-808C-CAF9571F6BE6}.ReleaseWin|ARM64.ActiveCfg = Release|ARM64
		{22276A42-5AED-4785-808C-CAF9571F6BE6}.ReleaseWin|ARM64.Build.0 = Release|ARM64
		{22276A42-5AED-4785-808C-CAF9571F6BE6}.ReleaseWin|ARM64.Deploy.0 = Release|ARM64
		{22276A42-5AED-4785-808C-CAF9571F6BE6}.ReleaseWin|x64.ActiveCfg = Release|x64
		{22276A42-5AED-4785-808C-CAF9571F6BE6}.ReleaseWin|x64.Build.0 = Release|x64
		{22276A42-5AED-4785-808C-CAF9571F6BE6}.ReleaseWin|x64.Deploy.0 = Release|x64
		{22276A42-5AED-4785-808C-CAF9571F6BE6}.ReleaseWin|x86.ActiveCfg = Release|x86
		{22276A42-5AED-4785-808C-CAF9571F6BE6}.ReleaseWin|x86.Build.0 = Release|x86
		{22276A42-5AED-4785-808C-CAF9571F6BE6}.ReleaseWin|x86.Deploy.0 = Release|x86
		{22276A42-5AED-4785-808C-CAF9571F6BE6}.ReleaseWinPY3|Any CPU.ActiveCfg = Release|x64
		{22276A42-5AED-4785-808C-CAF9571F6BE6}.ReleaseWinPY3|Any CPU.Build.0 = Release|x64
		{22276A42-5AED-4785-808C-CAF9571F6BE6}.ReleaseWinPY3|Any CPU.Deploy.0 = Release|x64
		{22276A42-5AED-4785-808C-CAF9571F6BE6}.ReleaseWinPY3|ARM.ActiveCfg = Release|ARM
		{22276A42-5AED-4785-808C-CAF9571F6BE6}.ReleaseWinPY3|ARM.Build.0 = Release|ARM
		{22276A42-5AED-4785-808C-CAF9571F6BE6}.ReleaseWinPY3|ARM.Deploy.0 = Release|ARM
		{22276A42-5AED-4785-808C-CAF9571F6BE6}.ReleaseWinPY3|ARM64.ActiveCfg = Release|ARM64
		{22276A42-5AED-4785-808C-CAF9571F6BE6}.ReleaseWinPY3|ARM64.Build.0 = Release|ARM64
		{22276A42-5AED-4785-808C-CAF9571F6BE6}.ReleaseWinPY3|ARM64.Deploy.0 = Release|ARM64
		{22276A42-5AED-4785-808C-CAF9571F6BE6}.ReleaseWinPY3|x64.ActiveCfg = Release|x64
		{22276A42-5AED-4785-808C-CAF9571F6BE6}.ReleaseWinPY3|x64.Build.0 = Release|x64
		{22276A42-5AED-4785-808C-CAF9571F6BE6}.ReleaseWinPY3|x64.Deploy.0 = Release|x64
		{22276A42-5AED-4785-808C-CAF9571F6BE6}.ReleaseWinPY3|x86.ActiveCfg = Release|x86
		{22276A42-5AED-4785-808C-CAF9571F6BE6}.ReleaseWinPY3|x86.Build.0 = Release|x86
		{22276A42-5AED-4785-808C-CAF9571F6BE6}.ReleaseWinPY3|x86.Deploy.0 = Release|x86
	EndGlobalSection
	GlobalSection(SolutionProperties) = preSolution
		HideSolutionNode = FALSE
	EndGlobalSection
	GlobalSection(ExtensibilityGlobals) = postSolution
		SolutionGuid = {2878F718-4200-4359-B36A-977C8DA9A27B}
	EndGlobalSection
EndGlobal
