
Microsoft Visual Studio Solution File, Format Version 12.00
# Visual Studio Version 17
VisualStudioVersion = 17.1.32120.378
MinimumVisualStudioVersion = 10.0.40219.1
Project("{FAE04EC0-301F-11D3-BF4B-00C04F79EFBC}") = "SymbolabUWP", "SymbolabUWP\SymbolabUWP.csproj", "{22276A42-5AED-4785-808C-CAF9571F6BE6}"
EndProject
Project("{9A19103F-16F7-4668-BE54-9A1E7A4F7556}") = "ProjectEstrada.Core", "ProjectEstrada.Core\ProjectEstrada.Core.csproj", "{87418BFD-1EBE-4A54-951F-BFF7611E2C9C}"
EndProject
Project("{2150E333-8FDC-42A3-9474-1A3956D46DE8}") = "Apps", "Apps", "{27A55C04-DB74-4968-8E96-3D6359048581}"
EndProject
Project("{C7167F0D-BC9F-4E6E-AFE1-012C56B48DB5}") = "ProjectEstrada.App.WinUI (Package)", "Apps\ProjectEstrada.App.WinUI\ProjectEstrada.App.WinUI (Package)\ProjectEstrada.App.WinUI (Package).wapproj", "{66058D0B-66C3-43D9-9614-EDC6DCED8673}"
EndProject
Project("{9A19103F-16F7-4668-BE54-9A1E7A4F7556}") = "ProjectEstrada.App.WinUI", "Apps\ProjectEstrada.App.WinUI\ProjectEstrada.App.WinUI\ProjectEstrada.App.WinUI.csproj", "{5EE82BA8-C772-4C6E-A15C-383C979B8753}"
EndProject
Project("{FAE04EC0-301F-11D3-BF4B-00C04F79EFBC}") = "ProjectEstrada.Graphics.Core", "ProjectEstrada.Graphics.Core\ProjectEstrada.Graphics.Core.csproj", "{DDB036C3-63A6-410B-B63C-86A2162B95EA}"
EndProject
Global
	GlobalSection(SolutionConfigurationPlatforms) = preSolution
		Debug|Any CPU = Debug|Any CPU
		Debug|ARM = Debug|ARM
		Debug|ARM64 = Debug|ARM64
		Debug|x64 = Debug|x64
		Debug|x86 = Debug|x86
		Release|Any CPU = Release|Any CPU
		Release|ARM = Release|ARM
		Release|ARM64 = Release|ARM64
		Release|x64 = Release|x64
		Release|x86 = Release|x86
	EndGlobalSection
	GlobalSection(ProjectConfigurationPlatforms) = postSolution
		{22276A42-5AED-4785-808C-CAF9571F6BE6}.Debug|Any CPU.ActiveCfg = Debug|x86
		{22276A42-5AED-4785-808C-CAF9571F6BE6}.Debug|Any CPU.Build.0 = Debug|x86
		{22276A42-5AED-4785-808C-CAF9571F6BE6}.Debug|Any CPU.Deploy.0 = Debug|x86
		{22276A42-5AED-4785-808C-CAF9571F6BE6}.Debug|ARM.ActiveCfg = Debug|ARM
		{22276A42-5AED-4785-808C-CAF9571F6BE6}.Debug|ARM.Build.0 = Debug|ARM
		{22276A42-5AED-4785-808C-CAF9571F6BE6}.Debug|ARM.Deploy.0 = Debug|ARM
		{22276A42-5AED-4785-808C-CAF9571F6BE6}.Debug|ARM64.ActiveCfg = Debug|ARM64
		{22276A42-5AED-4785-808C-CAF9571F6BE6}.Debug|ARM64.Build.0 = Debug|ARM64
		{22276A42-5AED-4785-808C-CAF9571F6BE6}.Debug|ARM64.Deploy.0 = Debug|ARM64
		{22276A42-5AED-4785-808C-CAF9571F6BE6}.Debug|x64.ActiveCfg = Debug|x64
		{22276A42-5AED-4785-808C-CAF9571F6BE6}.Debug|x64.Build.0 = Debug|x64
		{22276A42-5AED-4785-808C-CAF9571F6BE6}.Debug|x64.Deploy.0 = Debug|x64
		{22276A42-5AED-4785-808C-CAF9571F6BE6}.Debug|x86.ActiveCfg = Debug|x86
		{22276A42-5AED-4785-808C-CAF9571F6BE6}.Debug|x86.Build.0 = Debug|x86
		{22276A42-5AED-4785-808C-CAF9571F6BE6}.Debug|x86.Deploy.0 = Debug|x86
		{22276A42-5AED-4785-808C-CAF9571F6BE6}.Release|Any CPU.ActiveCfg = Release|x86
		{22276A42-5AED-4785-808C-CAF9571F6BE6}.Release|ARM.ActiveCfg = Release|ARM
		{22276A42-5AED-4785-808C-CAF9571F6BE6}.Release|ARM.Build.0 = Release|ARM
		{22276A42-5AED-4785-808C-CAF9571F6BE6}.Release|ARM.Deploy.0 = Release|ARM
		{22276A42-5AED-4785-808C-CAF9571F6BE6}.Release|ARM64.ActiveCfg = Release|ARM64
		{22276A42-5AED-4785-808C-CAF9571F6BE6}.Release|ARM64.Build.0 = Release|ARM64
		{22276A42-5AED-4785-808C-CAF9571F6BE6}.Release|ARM64.Deploy.0 = Release|ARM64
		{22276A42-5AED-4785-808C-CAF9571F6BE6}.Release|x64.ActiveCfg = Release|x64
		{22276A42-5AED-4785-808C-CAF9571F6BE6}.Release|x64.Build.0 = Release|x64
		{22276A42-5AED-4785-808C-CAF9571F6BE6}.Release|x64.Deploy.0 = Release|x64
		{22276A42-5AED-4785-808C-CAF9571F6BE6}.Release|x86.ActiveCfg = Release|x86
		{22276A42-5AED-4785-808C-CAF9571F6BE6}.Release|x86.Build.0 = Release|x86
		{22276A42-5AED-4785-808C-CAF9571F6BE6}.Release|x86.Deploy.0 = Release|x86
		{87418BFD-1EBE-4A54-951F-BFF7611E2C9C}.Debug|Any CPU.ActiveCfg = Debug|Any CPU
		{87418BFD-1EBE-4A54-951F-BFF7611E2C9C}.Debug|Any CPU.Build.0 = Debug|Any CPU
		{87418BFD-1EBE-4A54-951F-BFF7611E2C9C}.Debug|ARM.ActiveCfg = Debug|Any CPU
		{87418BFD-1EBE-4A54-951F-BFF7611E2C9C}.Debug|ARM.Build.0 = Debug|Any CPU
		{87418BFD-1EBE-4A54-951F-BFF7611E2C9C}.Debug|ARM64.ActiveCfg = Debug|Any CPU
		{87418BFD-1EBE-4A54-951F-BFF7611E2C9C}.Debug|ARM64.Build.0 = Debug|Any CPU
		{87418BFD-1EBE-4A54-951F-BFF7611E2C9C}.Debug|x64.ActiveCfg = Debug|Any CPU
		{87418BFD-1EBE-4A54-951F-BFF7611E2C9C}.Debug|x64.Build.0 = Debug|Any CPU
		{87418BFD-1EBE-4A54-951F-BFF7611E2C9C}.Debug|x86.ActiveCfg = Debug|Any CPU
		{87418BFD-1EBE-4A54-951F-BFF7611E2C9C}.Debug|x86.Build.0 = Debug|Any CPU
		{87418BFD-1EBE-4A54-951F-BFF7611E2C9C}.Release|Any CPU.ActiveCfg = Release|Any CPU
		{87418BFD-1EBE-4A54-951F-BFF7611E2C9C}.Release|Any CPU.Build.0 = Release|Any CPU
		{87418BFD-1EBE-4A54-951F-BFF7611E2C9C}.Release|ARM.ActiveCfg = Release|Any CPU
		{87418BFD-1EBE-4A54-951F-BFF7611E2C9C}.Release|ARM.Build.0 = Release|Any CPU
		{87418BFD-1EBE-4A54-951F-BFF7611E2C9C}.Release|ARM64.ActiveCfg = Release|Any CPU
		{87418BFD-1EBE-4A54-951F-BFF7611E2C9C}.Release|ARM64.Build.0 = Release|Any CPU
		{87418BFD-1EBE-4A54-951F-BFF7611E2C9C}.Release|x64.ActiveCfg = Release|Any CPU
		{87418BFD-1EBE-4A54-951F-BFF7611E2C9C}.Release|x64.Build.0 = Release|Any CPU
		{87418BFD-1EBE-4A54-951F-BFF7611E2C9C}.Release|x86.ActiveCfg = Release|Any CPU
		{87418BFD-1EBE-4A54-951F-BFF7611E2C9C}.Release|x86.Build.0 = Release|Any CPU
		{66058D0B-66C3-43D9-9614-EDC6DCED8673}.Debug|Any CPU.ActiveCfg = Debug|x64
		{66058D0B-66C3-43D9-9614-EDC6DCED8673}.Debug|Any CPU.Build.0 = Debug|x64
		{66058D0B-66C3-43D9-9614-EDC6DCED8673}.Debug|Any CPU.Deploy.0 = Debug|x64
		{66058D0B-66C3-43D9-9614-EDC6DCED8673}.Debug|ARM.ActiveCfg = Debug|x64
		{66058D0B-66C3-43D9-9614-EDC6DCED8673}.Debug|ARM.Build.0 = Debug|x64
		{66058D0B-66C3-43D9-9614-EDC6DCED8673}.Debug|ARM.Deploy.0 = Debug|x64
		{66058D0B-66C3-43D9-9614-EDC6DCED8673}.Debug|ARM64.ActiveCfg = Debug|arm64
		{66058D0B-66C3-43D9-9614-EDC6DCED8673}.Debug|ARM64.Build.0 = Debug|arm64
		{66058D0B-66C3-43D9-9614-EDC6DCED8673}.Debug|ARM64.Deploy.0 = Debug|arm64
		{66058D0B-66C3-43D9-9614-EDC6DCED8673}.Debug|x64.ActiveCfg = Debug|x64
		{66058D0B-66C3-43D9-9614-EDC6DCED8673}.Debug|x64.Build.0 = Debug|x64
		{66058D0B-66C3-43D9-9614-EDC6DCED8673}.Debug|x64.Deploy.0 = Debug|x64
		{66058D0B-66C3-43D9-9614-EDC6DCED8673}.Debug|x86.ActiveCfg = Debug|x86
		{66058D0B-66C3-43D9-9614-EDC6DCED8673}.Debug|x86.Build.0 = Debug|x86
		{66058D0B-66C3-43D9-9614-EDC6DCED8673}.Debug|x86.Deploy.0 = Debug|x86
		{66058D0B-66C3-43D9-9614-EDC6DCED8673}.Release|Any CPU.ActiveCfg = Release|x64
		{66058D0B-66C3-43D9-9614-EDC6DCED8673}.Release|Any CPU.Build.0 = Release|x64
		{66058D0B-66C3-43D9-9614-EDC6DCED8673}.Release|Any CPU.Deploy.0 = Release|x64
		{66058D0B-66C3-43D9-9614-EDC6DCED8673}.Release|ARM.ActiveCfg = Release|x64
		{66058D0B-66C3-43D9-9614-EDC6DCED8673}.Release|ARM.Build.0 = Release|x64
		{66058D0B-66C3-43D9-9614-EDC6DCED8673}.Release|ARM.Deploy.0 = Release|x64
		{66058D0B-66C3-43D9-9614-EDC6DCED8673}.Release|ARM64.ActiveCfg = Release|arm64
		{66058D0B-66C3-43D9-9614-EDC6DCED8673}.Release|ARM64.Build.0 = Release|arm64
		{66058D0B-66C3-43D9-9614-EDC6DCED8673}.Release|ARM64.Deploy.0 = Release|arm64
		{66058D0B-66C3-43D9-9614-EDC6DCED8673}.Release|x64.ActiveCfg = Release|x64
		{66058D0B-66C3-43D9-9614-EDC6DCED8673}.Release|x64.Build.0 = Release|x64
		{66058D0B-66C3-43D9-9614-EDC6DCED8673}.Release|x64.Deploy.0 = Release|x64
		{66058D0B-66C3-43D9-9614-EDC6DCED8673}.Release|x86.ActiveCfg = Release|x86
		{66058D0B-66C3-43D9-9614-EDC6DCED8673}.Release|x86.Build.0 = Release|x86
		{66058D0B-66C3-43D9-9614-EDC6DCED8673}.Release|x86.Deploy.0 = Release|x86
		{5EE82BA8-C772-4C6E-A15C-383C979B8753}.Debug|Any CPU.ActiveCfg = Debug|x64
		{5EE82BA8-C772-4C6E-A15C-383C979B8753}.Debug|Any CPU.Build.0 = Debug|x64
		{5EE82BA8-C772-4C6E-A15C-383C979B8753}.Debug|ARM.ActiveCfg = Debug|x64
		{5EE82BA8-C772-4C6E-A15C-383C979B8753}.Debug|ARM.Build.0 = Debug|x64
		{5EE82BA8-C772-4C6E-A15C-383C979B8753}.Debug|ARM64.ActiveCfg = Debug|arm64
		{5EE82BA8-C772-4C6E-A15C-383C979B8753}.Debug|ARM64.Build.0 = Debug|arm64
		{5EE82BA8-C772-4C6E-A15C-383C979B8753}.Debug|x64.ActiveCfg = Debug|x64
		{5EE82BA8-C772-4C6E-A15C-383C979B8753}.Debug|x64.Build.0 = Debug|x64
		{5EE82BA8-C772-4C6E-A15C-383C979B8753}.Debug|x86.ActiveCfg = Debug|x86
		{5EE82BA8-C772-4C6E-A15C-383C979B8753}.Debug|x86.Build.0 = Debug|x86
		{5EE82BA8-C772-4C6E-A15C-383C979B8753}.Release|Any CPU.ActiveCfg = Release|x64
		{5EE82BA8-C772-4C6E-A15C-383C979B8753}.Release|Any CPU.Build.0 = Release|x64
		{5EE82BA8-C772-4C6E-A15C-383C979B8753}.Release|ARM.ActiveCfg = Release|x64
		{5EE82BA8-C772-4C6E-A15C-383C979B8753}.Release|ARM.Build.0 = Release|x64
		{5EE82BA8-C772-4C6E-A15C-383C979B8753}.Release|ARM64.ActiveCfg = Release|arm64
		{5EE82BA8-C772-4C6E-A15C-383C979B8753}.Release|ARM64.Build.0 = Release|arm64
		{5EE82BA8-C772-4C6E-A15C-383C979B8753}.Release|x64.ActiveCfg = Release|x64
		{5EE82BA8-C772-4C6E-A15C-383C979B8753}.Release|x64.Build.0 = Release|x64
		{5EE82BA8-C772-4C6E-A15C-383C979B8753}.Release|x86.ActiveCfg = Release|x86
		{5EE82BA8-C772-4C6E-A15C-383C979B8753}.Release|x86.Build.0 = Release|x86
		{DDB036C3-63A6-410B-B63C-86A2162B95EA}.Debug|Any CPU.ActiveCfg = Debug|Any CPU
		{DDB036C3-63A6-410B-B63C-86A2162B95EA}.Debug|Any CPU.Build.0 = Debug|Any CPU
		{DDB036C3-63A6-410B-B63C-86A2162B95EA}.Debug|ARM.ActiveCfg = Debug|Any CPU
		{DDB036C3-63A6-410B-B63C-86A2162B95EA}.Debug|ARM.Build.0 = Debug|Any CPU
		{DDB036C3-63A6-410B-B63C-86A2162B95EA}.Debug|ARM64.ActiveCfg = Debug|Any CPU
		{DDB036C3-63A6-410B-B63C-86A2162B95EA}.Debug|ARM64.Build.0 = Debug|Any CPU
		{DDB036C3-63A6-410B-B63C-86A2162B95EA}.Debug|x64.ActiveCfg = Debug|Any CPU
		{DDB036C3-63A6-410B-B63C-86A2162B95EA}.Debug|x64.Build.0 = Debug|Any CPU
		{DDB036C3-63A6-410B-B63C-86A2162B95EA}.Debug|x86.ActiveCfg = Debug|Any CPU
		{DDB036C3-63A6-410B-B63C-86A2162B95EA}.Debug|x86.Build.0 = Debug|Any CPU
		{DDB036C3-63A6-410B-B63C-86A2162B95EA}.Release|Any CPU.ActiveCfg = Release|Any CPU
		{DDB036C3-63A6-410B-B63C-86A2162B95EA}.Release|Any CPU.Build.0 = Release|Any CPU
		{DDB036C3-63A6-410B-B63C-86A2162B95EA}.Release|ARM.ActiveCfg = Release|Any CPU
		{DDB036C3-63A6-410B-B63C-86A2162B95EA}.Release|ARM.Build.0 = Release|Any CPU
		{DDB036C3-63A6-410B-B63C-86A2162B95EA}.Release|ARM64.ActiveCfg = Release|Any CPU
		{DDB036C3-63A6-410B-B63C-86A2162B95EA}.Release|ARM64.Build.0 = Release|Any CPU
		{DDB036C3-63A6-410B-B63C-86A2162B95EA}.Release|x64.ActiveCfg = Release|Any CPU
		{DDB036C3-63A6-410B-B63C-86A2162B95EA}.Release|x64.Build.0 = Release|Any CPU
		{DDB036C3-63A6-410B-B63C-86A2162B95EA}.Release|x86.ActiveCfg = Release|Any CPU
		{DDB036C3-63A6-410B-B63C-86A2162B95EA}.Release|x86.Build.0 = Release|Any CPU
	EndGlobalSection
	GlobalSection(SolutionProperties) = preSolution
		HideSolutionNode = FALSE
	EndGlobalSection
	GlobalSection(NestedProjects) = preSolution
		{66058D0B-66C3-43D9-9614-EDC6DCED8673} = {27A55C04-DB74-4968-8E96-3D6359048581}
		{5EE82BA8-C772-4C6E-A15C-383C979B8753} = {27A55C04-DB74-4968-8E96-3D6359048581}
	EndGlobalSection
	GlobalSection(ExtensibilityGlobals) = postSolution
		SolutionGuid = {2878F718-4200-4359-B36A-977C8DA9A27B}
	EndGlobalSection
EndGlobal
