<?xml version="1.0" encoding="utf-8"?>
<Project ToolsVersion="15.0" xmlns="http://schemas.microsoft.com/developer/msbuild/2003">
  <ItemGroup>
    <Filter Include="Resources">
      <UniqueIdentifier>a141b51b-6475-4c80-8ce6-586f0c4b8e45</UniqueIdentifier>
      <Extensions>rc;ico;cur;bmp;dlg;rc2;rct;bin;rgs;gif;jpg;jpeg;jpe;resx;tga;tiff;tif;png;wav;mfcribbon-ms</Extensions>
    </Filter>
  </ItemGroup>
  <ItemGroup>
    <ClCompile Include="pch.cpp" />
    <ClCompile Include="DirectXPanelBase.cpp" />
    <ClCompile Include="D2DPanel.cpp" />
    <ClCompile Include="DrawingPanel.cpp" />
    <ClCompile Include="D3DPanelDemo.cpp" />
  </ItemGroup>
  <ItemGroup>
    <ClInclude Include="pch.h" />
    <ClInclude Include="DirectXPanelBase.h" />
    <ClInclude Include="DirectXHelper.h" />
    <ClInclude Include="D2DPanel.h" />
    <ClInclude Include="DrawingPanel.h" />
    <ClInclude Include="ShaderStructures.h" />
    <ClInclude Include="StepTimer.h" />
    <ClInclude Include="D3DPanelDemo.h" />
  </ItemGroup>
  <ItemGroup>
    <FxCompile Include="SimplePixelShader.hlsl" />
    <FxCompile Include="SimpleVertexShader.hlsl" />
  </ItemGroup>
</Project>